
Microsoft Visual Studio Solution File, Format Version 12.00
# Visual Studio Version 16
VisualStudioVersion = 16.0.31105.61
MinimumVisualStudioVersion = 10.0.40219.1
Project("{8BC9CEB8-8B4A-11D0-8D11-00A0C91BC942}") = "OrbitalRenderer", "OrbitalRenderer.vcxproj", "{A6FB07F4-6155-446C-ACD1-BD8F61F73AA6}"
EndProject
Global
	GlobalSection(SolutionConfigurationPlatforms) = preSolution
		Debug|x64 = Debug|x64
		Release|x64 = Release|x64
	EndGlobalSection
	GlobalSection(ProjectConfigurationPlatforms) = postSolution
		{A6FB07F4-6155-446C-ACD1-BD8F61F73AA6}.Debug|x64.ActiveCfg = Debug|x64
		{A6FB07F4-6155-446C-ACD1-BD8F61F73AA6}.Debug|x64.Build.0 = Debug|x64
		{A6FB07F4-6155-446C-ACD1-BD8F61F73AA6}.Release|x64.ActiveCfg = Release|x64
		{A6FB07F4-6155-446C-ACD1-BD8F61F73AA6}.Release|x64.Build.0 = Release|x64
	EndGlobalSection
	GlobalSection(SolutionProperties) = preSolution
		HideSolutionNode = FALSE
	EndGlobalSection
	GlobalSection(ExtensibilityGlobals) = postSolution
		SolutionGuid = {9113F4BA-8E09-45FB-8E5B-C1408DC06B92}
	EndGlobalSection
EndGlobal
